
Microsoft Visual Studio Solution File, Format Version 12.00
# Visual Studio Version 17
VisualStudioVersion = 17.0.31423.177
MinimumVisualStudioVersion = 10.0.40219.1
Project("{FAE04EC0-301F-11D3-BF4B-00C04F79EFBC}") = "TrackerLibrary", "TrackerLibrary\TrackerLibrary.csproj", "{B599245F-9AC1-427E-AF25-CFC394A09778}"
EndProject
Project("{FAE04EC0-301F-11D3-BF4B-00C04F79EFBC}") = "TrackerUI", "TrackerUI\TrackerUI.csproj", "{D9A031C2-2E11-47BF-8B5B-E1278F5E8586}"
EndProject
Global
	GlobalSection(SolutionConfigurationPlatforms) = preSolution
		Debug|Any CPU = Debug|Any CPU
		Release|Any CPU = Release|Any CPU
	EndGlobalSection
	GlobalSection(ProjectConfigurationPlatforms) = postSolution
		{B599245F-9AC1-427E-AF25-CFC394A09778}.Debug|Any CPU.ActiveCfg = Debug|Any CPU
		{B599245F-9AC1-427E-AF25-CFC394A09778}.Debug|Any CPU.Build.0 = Debug|Any CPU
		{B599245F-9AC1-427E-AF25-CFC394A09778}.Release|Any CPU.ActiveCfg = Release|Any CPU
		{B599245F-9AC1-427E-AF25-CFC394A09778}.Release|Any CPU.Build.0 = Release|Any CPU
		{D9A031C2-2E11-47BF-8B5B-E1278F5E8586}.Debug|Any CPU.ActiveCfg = Debug|Any CPU
		{D9A031C2-2E11-47BF-8B5B-E1278F5E8586}.Debug|Any CPU.Build.0 = Debug|Any CPU
		{D9A031C2-2E11-47BF-8B5B-E1278F5E8586}.Release|Any CPU.ActiveCfg = Release|Any CPU
		{D9A031C2-2E11-47BF-8B5B-E1278F5E8586}.Release|Any CPU.Build.0 = Release|Any CPU
	EndGlobalSection
	GlobalSection(SolutionProperties) = preSolution
		HideSolutionNode = FALSE
	EndGlobalSection
	GlobalSection(ExtensibilityGlobals) = postSolution
		SolutionGuid = {64084B6E-14C4-4CC3-8478-BAB541751FE9}
	EndGlobalSection
EndGlobal
